
Microsoft Visual Studio Solution File, Format Version 12.00
# Visual Studio Version 17
VisualStudioVersion = 17.11.35327.3
MinimumVisualStudioVersion = 10.0.40219.1
Project("{FAE04EC0-301F-11D3-BF4B-00C04F79EFBC}") = "UniDataReader", "UniDataReader\UniDataReader.csproj", "{BD850A12-482A-4A1D-8033-29BEEAEFCF29}"
EndProject
Global
	GlobalSection(SolutionConfigurationPlatforms) = preSolution
		Debug|Any CPU = Debug|Any CPU
		Release|Any CPU = Release|Any CPU
	EndGlobalSection
	GlobalSection(ProjectConfigurationPlatforms) = postSolution
		{BD850A12-482A-4A1D-8033-29BEEAEFCF29}.Debug|Any CPU.ActiveCfg = Debug|Any CPU
		{BD850A12-482A-4A1D-8033-29BEEAEFCF29}.Debug|Any CPU.Build.0 = Debug|Any CPU
		{BD850A12-482A-4A1D-8033-29BEEAEFCF29}.Release|Any CPU.ActiveCfg = Release|Any CPU
		{BD850A12-482A-4A1D-8033-29BEEAEFCF29}.Release|Any CPU.Build.0 = Release|Any CPU
	EndGlobalSection
	GlobalSection(SolutionProperties) = preSolution
		HideSolutionNode = FALSE
	EndGlobalSection
	GlobalSection(ExtensibilityGlobals) = postSolution
		SolutionGuid = {85C7B3EF-9417-491E-9103-55BA79048218}
	EndGlobalSection
EndGlobal
